{
    "_meta": {
        "hash": {
            "sha256": "b2f0cf8a23f16d46dba3ccdd6dd45c45f5a31a9d7cf1a19a86b9c1e5380ff92a"
        },
        "pipfile-spec": 6,
        "requires": {
            "python_version": "3.9"
        },
        "sources": [
            {
                "name": "pypi",
                "url": "https://pypi.org/simple",
                "verify_ssl": true
            }
        ]
    },
    "default": {
        "absl-py": {
            "hashes": [
                "sha256:5d15f85b8cc859c6245bc9886ba664460ed96a6fee895416caa37d669ee74a9a",
                "sha256:f568809938c49abbda89826223c992b630afd23c638160ad7840cfe347710d97"
            ],
            "index": "pypi",
            "version": "==1.2.0"
        },
        "adafruit-blinka": {
            "hashes": [
                "sha256:1c27bfe314edbe02ba167e7ea90ad4635e46038a73cb4da8e4aacc3a32a3b749",
                "sha256:75969ffa4a7bf025a9f928e2f0e5628ba66f6553609ee315a3712ef586f1394c"
            ],
            "index": "pypi",
            "version": "==8.16.1"
        },
        "adafruit-circuitpython-busdevice": {
            "hashes": [
                "sha256:14348957355e8c79929ad63460f6cebc1560d632d3a39d8cfca1684867037574",
                "sha256:203c504abebf63045c4bd91c90be705c7bd3f1823a68dd2c8e3ae4392ff03f0c"
            ],
            "index": "pypi",
            "version": "==5.2.4"
        },
        "adafruit-circuitpython-requests": {
            "hashes": [
                "sha256:3a14c6c6fec88c181e67d4454f9d0017a93ee655899a56719bb7571d58c185c1",
                "sha256:57845b38edb842d84e30ae01bef963cf8f1c4513bf4fc56204106c31b298b7c1"
            ],
            "index": "pypi",
            "version": "==1.13.0"
        },
        "adafruit-circuitpython-typing": {
            "hashes": [
                "sha256:87ba8cb40b5d8ddfd100667e0e7c5430956726d52337797e647f77cb52ba6deb",
                "sha256:9628db3a6a3b754e7f0c02b43e6fecb6554094487e84e245e0e2545bf282a4ed"
            ],
            "index": "pypi",
            "version": "==1.9.0"
        },
        "adafruit-platformdetect": {
            "hashes": [
                "sha256:64e243e19f9604b7dfd2ce53e88c41fa4b11b9e1441c6492f00fc5796b39b373",
                "sha256:9c5a4f24a42fed436ccdad4f01c4ec64d569f671556bfa4796f35154ce142146"
            ],
            "index": "pypi",
            "version": "==3.42.0"
        },
        "adafruit-pureio": {
            "hashes": [
                "sha256:1206883753c0966309e6d02da970676e9bc7b503bb4a26f736e01739f56a64b9"
            ],
            "index": "pypi",
            "version": "==1.1.10"
        },
        "pyftdi": {
            "hashes": [
                "sha256:112f16ee5b2a2becb8f8df9dd40b3bba007589f34e7613024122d94bd56eb7d7",
                "sha256:8df9af22077d17533d2f95b508b1d87959877627ea5dc2369056e90a3b5a232d"
            ],
            "markers": "python_version >= '3.7'",
            "version": "==0.54.0"
        },
        "pyserial": {
            "hashes": [
                "sha256:3c77e014170dfffbd816e6ffc205e9842efb10be9f58ec16d3e8675b4925cddb",
                "sha256:c4451db6ba391ca6ca299fb3ec7bae67a5c55dde170964c7a14ceefec02f2cf0"
            ],
            "version": "==3.5"
        },
        "pyusb": {
            "hashes": [
                "sha256:2b4c7cb86dbadf044dfb9d3a4ff69fd217013dbe78a792177a3feb172449ea36",
                "sha256:a4cc7404a203144754164b8b40994e2849fde1cfff06b08492f12fff9d9de7b9"
            ],
            "markers": "python_full_version >= '3.6.0'",
            "version": "==1.2.1"
        },
        "typing-extensions": {
            "hashes": [
                "sha256:5cb5f4a79139d699607b3ef622a1dedafa84e115ab0024e0d9c044a9479ca7cb",
                "sha256:fb33085c39dd998ac16d1431ebc293a8b3eedd00fd4a32de0ff79002c19511b4"
            ],
            "markers": "python_version >= '3.7'",
            "version": "==4.5.0"
        }
    },
    "develop": {}
}
